
Microsoft Visual Studio Solution File, Format Version 12.00
# Visual Studio Version 17
VisualStudioVersion = 17.12.35527.113
MinimumVisualStudioVersion = 10.0.40219.1
Project("{FAE04EC0-301F-11D3-BF4B-00C04F79EFBC}") = "EntityFrameworkDatabaseFirst", "EntityFrameworkDatabaseFirst\EntityFrameworkDatabaseFirst.csproj", "{FA1430FE-F96E-448A-B92F-A36359EC56A3}"
EndProject
Project("{2150E333-8FDC-42A3-9474-1A3956D46DE8}") = "monolithic", "monolithic", "{7F5716E2-97E8-4CD7-A30A-FC5E534D7BC0}"
EndProject
Project("{FAE04EC0-301F-11D3-BF4B-00C04F79EFBC}") = "EntityFrameworkDatabaseFirstWithBizLogic", "EntityFrameworkDatabaseFirstWithBizLogic\EntityFrameworkDatabaseFirstWithBizLogic.csproj", "{BCC2F68E-4A66-4A1D-9399-6B6D2561E379}"
EndProject
Global
	GlobalSection(SolutionConfigurationPlatforms) = preSolution
		Debug|Any CPU = Debug|Any CPU
		Release|Any CPU = Release|Any CPU
	EndGlobalSection
	GlobalSection(ProjectConfigurationPlatforms) = postSolution
		{FA1430FE-F96E-448A-B92F-A36359EC56A3}.Debug|Any CPU.ActiveCfg = Debug|Any CPU
		{FA1430FE-F96E-448A-B92F-A36359EC56A3}.Debug|Any CPU.Build.0 = Debug|Any CPU
		{FA1430FE-F96E-448A-B92F-A36359EC56A3}.Release|Any CPU.ActiveCfg = Release|Any CPU
		{FA1430FE-F96E-448A-B92F-A36359EC56A3}.Release|Any CPU.Build.0 = Release|Any CPU
		{BCC2F68E-4A66-4A1D-9399-6B6D2561E379}.Debug|Any CPU.ActiveCfg = Debug|Any CPU
		{BCC2F68E-4A66-4A1D-9399-6B6D2561E379}.Debug|Any CPU.Build.0 = Debug|Any CPU
		{BCC2F68E-4A66-4A1D-9399-6B6D2561E379}.Release|Any CPU.ActiveCfg = Release|Any CPU
		{BCC2F68E-4A66-4A1D-9399-6B6D2561E379}.Release|Any CPU.Build.0 = Release|Any CPU
	EndGlobalSection
	GlobalSection(SolutionProperties) = preSolution
		HideSolutionNode = FALSE
	EndGlobalSection
	GlobalSection(NestedProjects) = preSolution
		{FA1430FE-F96E-448A-B92F-A36359EC56A3} = {7F5716E2-97E8-4CD7-A30A-FC5E534D7BC0}
		{BCC2F68E-4A66-4A1D-9399-6B6D2561E379} = {7F5716E2-97E8-4CD7-A30A-FC5E534D7BC0}
	EndGlobalSection
EndGlobal
