
Microsoft Visual Studio Solution File, Format Version 12.00
# Visual Studio Version 17
VisualStudioVersion = 17.12.35527.113
MinimumVisualStudioVersion = 10.0.40219.1
Project("{FAE04EC0-301F-11D3-BF4B-00C04F79EFBC}") = "EntityFrameworkDatabaseFirst", "EntityFrameworkDatabaseFirst\EntityFrameworkDatabaseFirst.csproj", "{FA1430FE-F96E-448A-B92F-A36359EC56A3}"
EndProject
Project("{2150E333-8FDC-42A3-9474-1A3956D46DE8}") = "monolithic", "monolithic", "{7F5716E2-97E8-4CD7-A30A-FC5E534D7BC0}"
EndProject
Project("{FAE04EC0-301F-11D3-BF4B-00C04F79EFBC}") = "EntityFrameworkDatabaseFirstWithBizLogic", "EntityFrameworkDatabaseFirstWithBizLogic\EntityFrameworkDatabaseFirstWithBizLogic.csproj", "{BCC2F68E-4A66-4A1D-9399-6B6D2561E379}"
EndProject
Project("{2150E333-8FDC-42A3-9474-1A3956D46DE8}") = "NTier", "NTier", "{0432F010-6E49-42B0-B1D1-46ACE3026376}"
EndProject
Project("{FAE04EC0-301F-11D3-BF4B-00C04F79EFBC}") = "Web", "Web\Web.csproj", "{D42B922F-E4F5-4D7E-BEFA-5567655973DB}"
EndProject
Project("{FAE04EC0-301F-11D3-BF4B-00C04F79EFBC}") = "Infrastructure", "Infrastructure\Infrastructure.csproj", "{CE4180DD-72C4-4576-BE7B-60B55B8D26EA}"
EndProject
Project("{FAE04EC0-301F-11D3-BF4B-00C04F79EFBC}") = "Application", "Application\Application.csproj", "{45899ADF-F188-43B4-AC55-06967FA9DE18}"
EndProject
Project("{FAE04EC0-301F-11D3-BF4B-00C04F79EFBC}") = "Domain", "Domain\Domain.csproj", "{869A7EAF-9372-4F44-A71B-DE35393F38DE}"
EndProject
Global
	GlobalSection(SolutionConfigurationPlatforms) = preSolution
		Debug|Any CPU = Debug|Any CPU
		Release|Any CPU = Release|Any CPU
	EndGlobalSection
	GlobalSection(ProjectConfigurationPlatforms) = postSolution
		{FA1430FE-F96E-448A-B92F-A36359EC56A3}.Debug|Any CPU.ActiveCfg = Debug|Any CPU
		{FA1430FE-F96E-448A-B92F-A36359EC56A3}.Debug|Any CPU.Build.0 = Debug|Any CPU
		{FA1430FE-F96E-448A-B92F-A36359EC56A3}.Release|Any CPU.ActiveCfg = Release|Any CPU
		{FA1430FE-F96E-448A-B92F-A36359EC56A3}.Release|Any CPU.Build.0 = Release|Any CPU
		{BCC2F68E-4A66-4A1D-9399-6B6D2561E379}.Debug|Any CPU.ActiveCfg = Debug|Any CPU
		{BCC2F68E-4A66-4A1D-9399-6B6D2561E379}.Debug|Any CPU.Build.0 = Debug|Any CPU
		{BCC2F68E-4A66-4A1D-9399-6B6D2561E379}.Release|Any CPU.ActiveCfg = Release|Any CPU
		{BCC2F68E-4A66-4A1D-9399-6B6D2561E379}.Release|Any CPU.Build.0 = Release|Any CPU
		{D42B922F-E4F5-4D7E-BEFA-5567655973DB}.Debug|Any CPU.ActiveCfg = Debug|Any CPU
		{D42B922F-E4F5-4D7E-BEFA-5567655973DB}.Debug|Any CPU.Build.0 = Debug|Any CPU
		{D42B922F-E4F5-4D7E-BEFA-5567655973DB}.Release|Any CPU.ActiveCfg = Release|Any CPU
		{D42B922F-E4F5-4D7E-BEFA-5567655973DB}.Release|Any CPU.Build.0 = Release|Any CPU
		{CE4180DD-72C4-4576-BE7B-60B55B8D26EA}.Debug|Any CPU.ActiveCfg = Debug|Any CPU
		{CE4180DD-72C4-4576-BE7B-60B55B8D26EA}.Debug|Any CPU.Build.0 = Debug|Any CPU
		{CE4180DD-72C4-4576-BE7B-60B55B8D26EA}.Release|Any CPU.ActiveCfg = Release|Any CPU
		{CE4180DD-72C4-4576-BE7B-60B55B8D26EA}.Release|Any CPU.Build.0 = Release|Any CPU
		{45899ADF-F188-43B4-AC55-06967FA9DE18}.Debug|Any CPU.ActiveCfg = Debug|Any CPU
		{45899ADF-F188-43B4-AC55-06967FA9DE18}.Debug|Any CPU.Build.0 = Debug|Any CPU
		{45899ADF-F188-43B4-AC55-06967FA9DE18}.Release|Any CPU.ActiveCfg = Release|Any CPU
		{45899ADF-F188-43B4-AC55-06967FA9DE18}.Release|Any CPU.Build.0 = Release|Any CPU
		{869A7EAF-9372-4F44-A71B-DE35393F38DE}.Debug|Any CPU.ActiveCfg = Debug|Any CPU
		{869A7EAF-9372-4F44-A71B-DE35393F38DE}.Debug|Any CPU.Build.0 = Debug|Any CPU
		{869A7EAF-9372-4F44-A71B-DE35393F38DE}.Release|Any CPU.ActiveCfg = Release|Any CPU
		{869A7EAF-9372-4F44-A71B-DE35393F38DE}.Release|Any CPU.Build.0 = Release|Any CPU
	EndGlobalSection
	GlobalSection(SolutionProperties) = preSolution
		HideSolutionNode = FALSE
	EndGlobalSection
	GlobalSection(NestedProjects) = preSolution
		{FA1430FE-F96E-448A-B92F-A36359EC56A3} = {7F5716E2-97E8-4CD7-A30A-FC5E534D7BC0}
		{BCC2F68E-4A66-4A1D-9399-6B6D2561E379} = {7F5716E2-97E8-4CD7-A30A-FC5E534D7BC0}
		{D42B922F-E4F5-4D7E-BEFA-5567655973DB} = {0432F010-6E49-42B0-B1D1-46ACE3026376}
		{CE4180DD-72C4-4576-BE7B-60B55B8D26EA} = {0432F010-6E49-42B0-B1D1-46ACE3026376}
		{45899ADF-F188-43B4-AC55-06967FA9DE18} = {0432F010-6E49-42B0-B1D1-46ACE3026376}
		{869A7EAF-9372-4F44-A71B-DE35393F38DE} = {0432F010-6E49-42B0-B1D1-46ACE3026376}
	EndGlobalSection
EndGlobal
